PODS:
  - CollectionViewPagingLayout (0.1.4)
  - DeviceKit (2.3.0)
  - PhotoSolution (1.5.8)
  - ReadMoreTextView (3.0.1)
  - Realm (4.4.1):
    - Realm/Headers (= 4.4.1)
  - Realm/Headers (4.4.1)
  - RealmSwift (4.4.1):
    - Realm (= 4.4.1)
  - SwiftyGif (5.2.0)
  - SwiftyStoreKit (0.15.0)

DEPENDENCIES:
  - CollectionViewPagingLayout
  - DeviceKit (~> 2.0)
  - PhotoSolution
  - ReadMoreTextView
  - RealmSwift
  - SwiftyGif
  - SwiftyStoreKit

SPEC REPOS:
  https://github.com/CocoaPods/Specs.git:
    - CollectionViewPagingLayout
    - DeviceKit
    - PhotoSolution
    - ReadMoreTextView
    - Realm
    - RealmSwift
    - SwiftyGif
    - SwiftyStoreKit

SPEC CHECKSUMS:
  CollectionViewPagingLayout: ad473d532d5cea6c9f979d006750c34caf92861c
  DeviceKit: da103891aa928d89f64ea8dd8aca738c5f3d8ac0
  PhotoSolution: 686bb17ac296f7a613bc592e098a7eac6b9e1353
  ReadMoreTextView: 19147adf93abce6d7271e14031a00303fe28720d
  Realm: 4eb04d7487bd43c0581256f40b424eafb711deff
  RealmSwift: 3eb8924ff7100df5928c7602f71d0fec51e7c9c5
  SwiftyGif: b85c6b33a9411859d9e1db998b6a8214aea942df
  SwiftyStoreKit: 033d06b6f87955405d3f844a18a7687c2438592a

PODFILE CHECKSUM: afdc3617c2ecf127eb26acf3e5c6191dbe896450

COCOAPODS: 1.8.4
